
Microsoft Visual Studio Solution File, Format Version 12.00
# Visual Studio Version 17
VisualStudioVersion = 17.6.33829.357
MinimumVisualStudioVersion = 10.0.40219.1
Project("{FAE04EC0-301F-11D3-BF4B-00C04F79EFBC}") = "Stack", "Stack.csproj", "{CC621212-F33A-45BB-A55B-D4A3DCCEBE62}"
EndProject
Global
	GlobalSection(SolutionConfigurationPlatforms) = preSolution
		Debug|Any CPU = Debug|Any CPU
		Release|Any CPU = Release|Any CPU
	EndGlobalSection
	GlobalSection(ProjectConfigurationPlatforms) = postSolution
		{CC621212-F33A-45BB-A55B-D4A3DCCEBE62}.Debug|Any CPU.ActiveCfg = Debug|Any CPU
		{CC621212-F33A-45BB-A55B-D4A3DCCEBE62}.Debug|Any CPU.Build.0 = Debug|Any CPU
		{CC621212-F33A-45BB-A55B-D4A3DCCEBE62}.Release|Any CPU.ActiveCfg = Release|Any CPU
		{CC621212-F33A-45BB-A55B-D4A3DCCEBE62}.Release|Any CPU.Build.0 = Release|Any CPU
	EndGlobalSection
	GlobalSection(SolutionProperties) = preSolution
		HideSolutionNode = FALSE
	EndGlobalSection
	GlobalSection(ExtensibilityGlobals) = postSolution
		SolutionGuid = {16AD8B71-9A04-4BC4-939A-77FD4ADF82F3}
	EndGlobalSection
EndGlobal
